#MicroXplorer Configuration settings - do not modify
ADC1.Channel-0\#ChannelRegularConversion=ADC_CHANNEL_7
ADC1.IPParameters=Rank-0\#ChannelRegularConversion,master,Channel-0\#ChannelRegularConversion,SelectedChannel,SamplingTime-0\#ChannelRegularConversion,NbrOfConversionFlag,SamplingTimeCommon1,SamplingTimeCommon2
ADC1.NbrOfConversionFlag=1
ADC1.Rank-0\#ChannelRegularConversion=1
ADC1.SamplingTime-0\#ChannelRegularConversion=ADC_SAMPLINGTIME_COMMON_1
ADC1.SamplingTimeCommon1=ADC_SAMPLETIME_7CYCLES_5
ADC1.SamplingTimeCommon2=ADC_SAMPLETIME_7CYCLES_5
ADC1.SelectedChannel=ADC_CHANNEL_7
ADC1.master=1
CAD.formats=
CAD.pinconfig=
CAD.provider=
File.Version=6
GPIO.groupedBy=Group By Peripherals
KeepUserPlacement=false
Mcu.CPN=STM32G030C8T6
Mcu.Family=STM32G0
Mcu.IP0=ADC1
Mcu.IP1=NVIC
Mcu.IP2=RCC
Mcu.IP3=SYS
Mcu.IP4=TIM1
Mcu.IPNb=5
Mcu.Name=STM32G030C(6-8)Tx
Mcu.Package=LQFP48
Mcu.Pin0=PF0-OSC_IN (PF0)
Mcu.Pin1=PF1-OSC_OUT (PF1)
Mcu.Pin10=PB0
Mcu.Pin11=PB1
Mcu.Pin12=PB10
Mcu.Pin13=PB11
Mcu.Pin14=PB12
Mcu.Pin15=PB13
Mcu.Pin16=PB14
Mcu.Pin17=PB15
Mcu.Pin18=PA8
Mcu.Pin19=PA9
Mcu.Pin2=PA0
Mcu.Pin20=PC7
Mcu.Pin21=PA13
Mcu.Pin22=PA14-BOOT0
Mcu.Pin23=PA15
Mcu.Pin24=PD0
Mcu.Pin25=PD1
Mcu.Pin26=PD2
Mcu.Pin27=PD3
Mcu.Pin28=PB3
Mcu.Pin29=PB4
Mcu.Pin3=PA1
Mcu.Pin30=PB5
Mcu.Pin31=PB6
Mcu.Pin32=PB7
Mcu.Pin33=VP_SYS_VS_Systick
Mcu.Pin34=VP_TIM1_VS_ClockSourceINT
Mcu.Pin4=PA2
Mcu.Pin5=PA3
Mcu.Pin6=PA4
Mcu.Pin7=PA5
Mcu.Pin8=PA6
Mcu.Pin9=PA7
Mcu.PinsNb=35
Mcu.ThirdPartyNb=0
Mcu.UserConstants=
Mcu.UserName=STM32G030C8Tx
MxCube.Version=6.15.0
MxDb.Version=DB.6.0.150
NVIC.EXTI0_1_IRQn=true\:0\:0\:false\:false\:true\:true\:true\:true
NVIC.EXTI2_3_IRQn=true\:0\:0\:false\:false\:true\:true\:true\:true
NVIC.EXTI4_15_IRQn=true\:0\:0\:false\:false\:true\:true\:true\:true
NVIC.ForceEnableDMAVector=true
NVIC.HardFault_IRQn=true\:0\:0\:false\:false\:true\:false\:false\:false
NVIC.NonMaskableInt_IRQn=true\:0\:0\:false\:false\:true\:false\:false\:false
NVIC.PendSV_IRQn=true\:0\:0\:false\:false\:true\:false\:false\:false
NVIC.SVC_IRQn=true\:0\:0\:false\:false\:true\:false\:false\:true
NVIC.SysTick_IRQn=true\:3\:0\:false\:false\:true\:false\:true\:false
PA0.GPIOParameters=GPIO_Label
PA0.GPIO_Label=Floor_N1_But
PA0.Locked=true
PA0.Signal=GPXTI0
PA1.GPIOParameters=GPIO_Label
PA1.GPIO_Label=Floor_0_But
PA1.Locked=true
PA1.Signal=GPXTI1
PA13.Mode=Serial_Wire
PA13.Signal=SYS_SWDIO
PA14-BOOT0.Mode=Serial_Wire
PA14-BOOT0.Signal=SYS_SWCLK
PA15.GPIOParameters=GPIO_Label
PA15.GPIO_Label=Motor_Door_Close
PA15.Locked=true
PA15.Signal=GPIO_Output
PA2.GPIOParameters=GPIO_Label
PA2.GPIO_Label=Floor_1_But
PA2.Locked=true
PA2.Signal=GPXTI2
PA3.GPIOParameters=GPIO_Label
PA3.GPIO_Label=Floor_2_But
PA3.Locked=true
PA3.Signal=GPXTI3
PA4.GPIOParameters=GPIO_Label
PA4.GPIO_Label=Floor_3_But
PA4.Locked=true
PA4.Signal=GPXTI4
PA5.GPIOParameters=GPIO_Label
PA5.GPIO_Label=Alarm_But
PA5.Locked=true
PA5.Signal=GPXTI5
PA6.GPIOParameters=GPIO_Label
PA6.GPIO_Label=Door_Open_But
PA6.Locked=true
PA6.Signal=GPXTI6
PA7.GPIOParameters=GPIO_Label
PA7.GPIO_Label=Overload
PA7.Locked=true
PA7.Mode=IN7
PA7.Signal=ADC1_IN7
PA8.GPIOParameters=GPIO_Label
PA8.GPIO_Label=Floor_0_Sensor
PA8.Locked=true
PA8.Signal=GPXTI8
PA9.GPIOParameters=GPIO_Label
PA9.GPIO_Label=Floor_N1_Sensor
PA9.Locked=true
PA9.Signal=GPXTI9
PB0.GPIOParameters=GPIO_Label
PB0.GPIO_Label=Fan_But
PB0.Locked=true
PB0.Signal=GPIO_Input
PB1.GPIOParameters=GPIO_Label
PB1.GPIO_Label=Phone_But
PB1.Locked=true
PB1.Signal=GPIO_Input
PB10.GPIOParameters=GPIO_Label
PB10.GPIO_Label=Door_Close_But
PB10.Locked=true
PB10.Signal=GPXTI10
PB11.GPIOParameters=GPIO_Label
PB11.GPIO_Label=Door_Open_Sensor
PB11.Locked=true
PB11.Signal=GPXTI11
PB12.GPIOParameters=GPIO_Label
PB12.GPIO_Label=Door_Close_Sensor
PB12.Locked=true
PB12.Signal=GPXTI12
PB13.GPIOParameters=GPIO_Label
PB13.GPIO_Label=Floor_3_Sensor
PB13.Locked=true
PB13.Signal=GPXTI13
PB14.GPIOParameters=GPIO_Label
PB14.GPIO_Label=Floor_2_Sensor
PB14.Locked=true
PB14.Signal=GPXTI14
PB15.GPIOParameters=GPIO_Label
PB15.GPIO_Label=Floor_1_Sensor
PB15.Locked=true
PB15.Signal=GPXTI15
PB3.GPIOParameters=GPIO_Label
PB3.GPIO_Label=Moto_Pwm
PB3.Signal=S_TIM1_CH2
PB4.GPIOParameters=GPIO_Label
PB4.GPIO_Label=Motor_Down
PB4.Locked=true
PB4.Signal=GPIO_Output
PB5.GPIOParameters=GPIO_Label
PB5.GPIO_Label=Motor_Up
PB5.Locked=true
PB5.Signal=GPIO_Output
PB6.GPIOParameters=GPIO_Label
PB6.GPIO_Label=Buzzer
PB6.Locked=true
PB6.Signal=GPIO_Output
PB7.GPIOParameters=GPIO_Label
PB7.GPIO_Label=Door_Obstacle_Sensor
PB7.Locked=true
PB7.Signal=GPXTI7
PC7.GPIOParameters=GPIO_Label
PC7.GPIO_Label=Overload_LED
PC7.Locked=true
PC7.Signal=GPIO_Output
PD0.GPIOParameters=GPIO_Label
PD0.GPIO_Label=Motor_Door_Open
PD0.Locked=true
PD0.Signal=GPIO_Output
PD1.GPIOParameters=GPIO_Label
PD1.GPIO_Label=Floor_LEDs
PD1.Locked=true
PD1.Signal=GPIO_Output
PD2.GPIOParameters=GPIO_Label
PD2.GPIO_Label=Phone_Module
PD2.Locked=true
PD2.Signal=GPIO_Output
PD3.GPIOParameters=GPIO_Label
PD3.GPIO_Label=Fan_Relay
PD3.Locked=true
PD3.Signal=GPIO_Output
PF0-OSC_IN\ (PF0).Mode=HSE-External-Oscillator
PF0-OSC_IN\ (PF0).Signal=RCC_OSC_IN
PF1-OSC_OUT\ (PF1).Mode=HSE-External-Oscillator
PF1-OSC_OUT\ (PF1).Signal=RCC_OSC_OUT
PinOutPanel.RotationAngle=0
ProjectManager.AskForMigrate=true
ProjectManager.BackupPrevious=false
ProjectManager.CompilerLinker=GCC
ProjectManager.CompilerOptimize=6
ProjectManager.ComputerToolchain=false
ProjectManager.CoupleFile=false
ProjectManager.CustomerFirmwarePackage=
ProjectManager.DefaultFWLocation=true
ProjectManager.DeletePrevious=true
ProjectManager.DeviceId=STM32G030C8Tx
ProjectManager.FirmwarePackage=STM32Cube FW_G0 V1.6.2
ProjectManager.FreePins=false
ProjectManager.HalAssertFull=false
ProjectManager.HeapSize=0x200
ProjectManager.KeepUserCode=true
ProjectManager.LastFirmware=true
ProjectManager.LibraryCopy=1
ProjectManager.MainLocation=Core/Src
ProjectManager.NoMain=false
ProjectManager.PreviousToolchain=
ProjectManager.ProjectBuild=false
ProjectManager.ProjectFileName=Elevator.ioc
ProjectManager.ProjectName=Elevator
ProjectManager.ProjectStructure=
ProjectManager.RegisterCallBack=
ProjectManager.StackSize=0x400
ProjectManager.TargetToolchain=STM32CubeIDE
ProjectManager.ToolChainLocation=
ProjectManager.UAScriptAfterPath=
ProjectManager.UAScriptBeforePath=
ProjectManager.UnderRoot=true
ProjectManager.functionlistsort=1-SystemClock_Config-RCC-false-HAL-false,2-MX_GPIO_Init-GPIO-false-HAL-true,3-MX_TIM1_Init-TIM1-false-HAL-true,4-MX_ADC1_Init-ADC1-false-HAL-true
RCC.ADCFreq_Value=64000000
RCC.AHBFreq_Value=64000000
RCC.APBFreq_Value=64000000
RCC.APBTimFreq_Value=64000000
RCC.CortexFreq_Value=64000000
RCC.EXTERNAL_CLOCK_VALUE=12288000
RCC.FCLKCortexFreq_Value=64000000
RCC.FamilyName=M
RCC.HCLKFreq_Value=64000000
RCC.HSE_VALUE=8000000
RCC.HSI_VALUE=16000000
RCC.I2C1Freq_Value=64000000
RCC.I2S1Freq_Value=64000000
RCC.IPParameters=ADCFreq_Value,AHBFreq_Value,APBFreq_Value,APBTimFreq_Value,CortexFreq_Value,EXTERNAL_CLOCK_VALUE,FCLKCortexFreq_Value,FamilyName,HCLKFreq_Value,HSE_VALUE,HSI_VALUE,I2C1Freq_Value,I2S1Freq_Value,LSCOPinFreq_Value,LSE_VALUE,LSI_VALUE,MCO1PinFreq_Value,PLLPoutputFreq_Value,PLLRCLKFreq_Value,PWRFreq_Value,SYSCLKFreq_VALUE,SYSCLKSource,USART1Freq_Value,VCOInputFreq_Value,VCOOutputFreq_Value
RCC.LSCOPinFreq_Value=32000
RCC.LSE_VALUE=32768
RCC.LSI_VALUE=32000
RCC.MCO1PinFreq_Value=64000000
RCC.PLLPoutputFreq_Value=64000000
RCC.PLLRCLKFreq_Value=64000000
RCC.PWRFreq_Value=64000000
RCC.SYSCLKFreq_VALUE=64000000
RCC.SYSCLKSource=RCC_SYSCLKSOURCE_PLLCLK
RCC.USART1Freq_Value=64000000
RCC.VCOInputFreq_Value=16000000
RCC.VCOOutputFreq_Value=128000000
SH.GPXTI0.0=GPIO_EXTI0
SH.GPXTI0.ConfNb=1
SH.GPXTI1.0=GPIO_EXTI1
SH.GPXTI1.ConfNb=1
SH.GPXTI10.0=GPIO_EXTI10
SH.GPXTI10.ConfNb=1
SH.GPXTI11.0=GPIO_EXTI11
SH.GPXTI11.ConfNb=1
SH.GPXTI12.0=GPIO_EXTI12
SH.GPXTI12.ConfNb=1
SH.GPXTI13.0=GPIO_EXTI13
SH.GPXTI13.ConfNb=1
SH.GPXTI14.0=GPIO_EXTI14
SH.GPXTI14.ConfNb=1
SH.GPXTI15.0=GPIO_EXTI15
SH.GPXTI15.ConfNb=1
SH.GPXTI2.0=GPIO_EXTI2
SH.GPXTI2.ConfNb=1
SH.GPXTI3.0=GPIO_EXTI3
SH.GPXTI3.ConfNb=1
SH.GPXTI4.0=GPIO_EXTI4
SH.GPXTI4.ConfNb=1
SH.GPXTI5.0=GPIO_EXTI5
SH.GPXTI5.ConfNb=1
SH.GPXTI6.0=GPIO_EXTI6
SH.GPXTI6.ConfNb=1
SH.GPXTI7.0=GPIO_EXTI7
SH.GPXTI7.ConfNb=1
SH.GPXTI8.0=GPIO_EXTI8
SH.GPXTI8.ConfNb=1
SH.GPXTI9.0=GPIO_EXTI9
SH.GPXTI9.ConfNb=1
SH.S_TIM1_CH2.0=TIM1_CH2,Output Compare2 CH2
SH.S_TIM1_CH2.ConfNb=1
TIM1.Channel-Output\ Compare2\ CH2=TIM_CHANNEL_2
TIM1.CounterMode=TIM_COUNTERMODE_UP
TIM1.IPParameters=Channel-Output Compare2 CH2,Prescaler,Period,CounterMode
TIM1.Period=999
TIM1.Prescaler=319
VP_SYS_VS_Systick.Mode=SysTick
VP_SYS_VS_Systick.Signal=SYS_VS_Systick
VP_TIM1_VS_ClockSourceINT.Mode=Internal
VP_TIM1_VS_ClockSourceINT.Signal=TIM1_VS_ClockSourceINT
board=custom
isbadioc=false
